// !$*UTF8*$!
{
	archiveVersion = 1;
	classes = {
	};
	objectVersion = 55;
	objects = {

/* Begin PBXBuildFile section */
		02C69B0A27D5959A003911B1 /* Restaurant.swift in Sources */ = {isa = PBXBuildFile; fileRef = 02C69B0927D5959A003911B1 /* Restaurant.swift */; };
		02C69B0D27D595C7003911B1 /* Contact.swift in Sources */ = {isa = PBXBuildFile; fileRef = 02C69B0C27D595C7003911B1 /* Contact.swift */; };
		02C69B0F27D595D8003911B1 /* Location.swift in Sources */ = {isa = PBXBuildFile; fileRef = 02C69B0E27D595D8003911B1 /* Location.swift */; };
		02C69B1427D59662003911B1 /* CollectionViewController.swift in Sources */ = {isa = PBXBuildFile; fileRef = 02C69B1327D59662003911B1 /* CollectionViewController.swift */; };
		02C69B1827D596E4003911B1 /* NetworkManager.swift in Sources */ = {isa = PBXBuildFile; fileRef = 02C69B1727D596E4003911B1 /* NetworkManager.swift */; };
		02C69B1A27D596F7003911B1 /* NetworkError.swift in Sources */ = {isa = PBXBuildFile; fileRef = 02C69B1927D596F7003911B1 /* NetworkError.swift */; };
		02C69B2027D5A333003911B1 /* DetailViewController.swift in Sources */ = {isa = PBXBuildFile; fileRef = 02C69B1F27D5A333003911B1 /* DetailViewController.swift */; };
		472F337627D2908800F77BE7 /* AppDelegate.swift in Sources */ = {isa = PBXBuildFile; fileRef = 472F337527D2908800F77BE7 /* AppDelegate.swift */; };
		472F337827D2908800F77BE7 /* SceneDelegate.swift in Sources */ = {isa = PBXBuildFile; fileRef = 472F337727D2908800F77BE7 /* SceneDelegate.swift */; };
		472F337D27D2908800F77BE7 /* Main.storyboard in Resources */ = {isa = PBXBuildFile; fileRef = 472F337B27D2908800F77BE7 /* Main.storyboard */; };
		472F337F27D2909300F77BE7 /* Assets.xcassets in Resources */ = {isa = PBXBuildFile; fileRef = 472F337E27D2909300F77BE7 /* Assets.xcassets */; };
		472F338227D2909300F77BE7 /* LaunchScreen.storyboard in Resources */ = {isa = PBXBuildFile; fileRef = 472F338027D2909300F77BE7 /* LaunchScreen.storyboard */; };
		472F338A27D2917200F77BE7 /* WebKitViewController.swift in Sources */ = {isa = PBXBuildFile; fileRef = 472F338927D2917200F77BE7 /* WebKitViewController.swift */; };
		472F339F27D65E5B00F77BE7 /* RestaurantCell.swift in Sources */ = {isa = PBXBuildFile; fileRef = 472F339E27D65E5B00F77BE7 /* RestaurantCell.swift */; };
/* End PBXBuildFile section */

/* Begin PBXFileReference section */
		02C69B0927D5959A003911B1 /* Restaurant.swift */ = {isa = PBXFileReference; lastKnownFileType = sourcecode.swift; path = Restaurant.swift; sourceTree = "<group>"; };
		02C69B0C27D595C7003911B1 /* Contact.swift */ = {isa = PBXFileReference; lastKnownFileType = sourcecode.swift; path = Contact.swift; sourceTree = "<group>"; };
		02C69B0E27D595D8003911B1 /* Location.swift */ = {isa = PBXFileReference; lastKnownFileType = sourcecode.swift; path = Location.swift; sourceTree = "<group>"; };
		02C69B1327D59662003911B1 /* CollectionViewController.swift */ = {isa = PBXFileReference; lastKnownFileType = sourcecode.swift; path = CollectionViewController.swift; sourceTree = "<group>"; };
		02C69B1727D596E4003911B1 /* NetworkManager.swift */ = {isa = PBXFileReference; lastKnownFileType = sourcecode.swift; path = NetworkManager.swift; sourceTree = "<group>"; };
		02C69B1927D596F7003911B1 /* NetworkError.swift */ = {isa = PBXFileReference; lastKnownFileType = sourcecode.swift; path = NetworkError.swift; sourceTree = "<group>"; };
		02C69B1F27D5A333003911B1 /* DetailViewController.swift */ = {isa = PBXFileReference; lastKnownFileType = sourcecode.swift; path = DetailViewController.swift; sourceTree = "<group>"; };
		472F337227D2908800F77BE7 /* FlorencioBottleRocket.app */ = {isa = PBXFileReference; explicitFileType = wrapper.application; includeInIndex = 0; path = FlorencioBottleRocket.app; sourceTree = BUILT_PRODUCTS_DIR; };
		472F337527D2908800F77BE7 /* AppDelegate.swift */ = {isa = PBXFileReference; lastKnownFileType = sourcecode.swift; path = AppDelegate.swift; sourceTree = "<group>"; };
		472F337727D2908800F77BE7 /* SceneDelegate.swift */ = {isa = PBXFileReference; lastKnownFileType = sourcecode.swift; path = SceneDelegate.swift; sourceTree = "<group>"; };
		472F337C27D2908800F77BE7 /* Base */ = {isa = PBXFileReference; lastKnownFileType = file.storyboard; name = Base; path = Base.lproj/Main.storyboard; sourceTree = "<group>"; };
		472F337E27D2909300F77BE7 /* Assets.xcassets */ = {isa = PBXFileReference; lastKnownFileType = folder.assetcatalog; path = Assets.xcassets; sourceTree = "<group>"; };
		472F338127D2909300F77BE7 /* Base */ = {isa = PBXFileReference; lastKnownFileType = file.storyboard; name = Base; path = Base.lproj/LaunchScreen.storyboard; sourceTree = "<group>"; };
		472F338327D2909300F77BE7 /* Info.plist */ = {isa = PBXFileReference; lastKnownFileType = text.plist.xml; path = Info.plist; sourceTree = "<group>"; };
		472F338927D2917200F77BE7 /* WebKitViewController.swift */ = {isa = PBXFileReference; lastKnownFileType = sourcecode.swift; path = WebKitViewController.swift; sourceTree = "<group>"; };
		472F339E27D65E5B00F77BE7 /* RestaurantCell.swift */ = {isa = PBXFileReference; lastKnownFileType = sourcecode.swift; path = RestaurantCell.swift; sourceTree = "<group>"; };
/* End PBXFileReference section */

/* Begin PBXFrameworksBuildPhase section */
		472F336F27D2908800F77BE7 /* Frameworks */ = {
			isa = PBXFrameworksBuildPhase;
			buildActionMask = 2147483647;
			files = (
			);
			runOnlyForDeploymentPostprocessing = 0;
		};
/* End PBXFrameworksBuildPhase section */

/* Begin PBXGroup section */
		02C69B0B27D595A3003911B1 /* Model */ = {
			isa = PBXGroup;
			children = (
				02C69B0927D5959A003911B1 /* Restaurant.swift */,
				02C69B0C27D595C7003911B1 /* Contact.swift */,
				02C69B0E27D595D8003911B1 /* Location.swift */,
			);
			path = Model;
			sourceTree = "<group>";
		};
		02C69B1127D595F6003911B1 /* Network */ = {
			isa = PBXGroup;
			children = (
				02C69B1727D596E4003911B1 /* NetworkManager.swift */,
				02C69B1927D596F7003911B1 /* NetworkError.swift */,
			);
			path = Network;
			sourceTree = "<group>";
		};
		02C69B1227D5960E003911B1 /* View */ = {
			isa = PBXGroup;
			children = (
				472F338927D2917200F77BE7 /* WebKitViewController.swift */,
				02C69B1327D59662003911B1 /* CollectionViewController.swift */,
				02C69B1F27D5A333003911B1 /* DetailViewController.swift */,
				472F339E27D65E5B00F77BE7 /* RestaurantCell.swift */,
			);
			path = View;
			sourceTree = "<group>";
		};
		472F336927D2908800F77BE7 = {
			isa = PBXGroup;
			children = (
				472F337427D2908800F77BE7 /* FlorencioBottleRocket */,
				472F337327D2908800F77BE7 /* Products */,
			);
			sourceTree = "<group>";
		};
		472F337327D2908800F77BE7 /* Products */ = {
			isa = PBXGroup;
			children = (
				472F337227D2908800F77BE7 /* FlorencioBottleRocket.app */,
			);
			name = Products;
			sourceTree = "<group>";
		};
		472F337427D2908800F77BE7 /* FlorencioBottleRocket */ = {
			isa = PBXGroup;
			children = (
				472F337527D2908800F77BE7 /* AppDelegate.swift */,
				472F337727D2908800F77BE7 /* SceneDelegate.swift */,
				02C69B1227D5960E003911B1 /* View */,
				02C69B1127D595F6003911B1 /* Network */,
				472F337B27D2908800F77BE7 /* Main.storyboard */,
				02C69B0B27D595A3003911B1 /* Model */,
				472F337E27D2909300F77BE7 /* Assets.xcassets */,
				472F338027D2909300F77BE7 /* LaunchScreen.storyboard */,
				472F338327D2909300F77BE7 /* Info.plist */,
			);
			path = FlorencioBottleRocket;
			sourceTree = "<group>";
		};
/* End PBXGroup section */

/* Begin PBXNativeTarget section */
		472F337127D2908800F77BE7 /* FlorencioBottleRocket */ = {
			isa = PBXNativeTarget;
			buildConfigurationList = 472F338627D2909300F77BE7 /* Build configuration list for PBXNativeTarget "FlorencioBottleRocket" */;
			buildPhases = (
				472F336E27D2908800F77BE7 /* Sources */,
				472F336F27D2908800F77BE7 /* Frameworks */,
				472F337027D2908800F77BE7 /* Resources */,
			);
			buildRules = (
			);
			dependencies = (
			);
			name = FlorencioBottleRocket;
			productName = FlorencioBottleRocket;
			productReference = 472F337227D2908800F77BE7 /* FlorencioBottleRocket.app */;
			productType = "com.apple.product-type.application";
		};
/* End PBXNativeTarget section */

/* Begin PBXProject section */
		472F336A27D2908800F77BE7 /* Project object */ = {
			isa = PBXProject;
			attributes = {
				BuildIndependentTargetsInParallel = 1;
				LastSwiftUpdateCheck = 1320;
				LastUpgradeCheck = 1320;
				TargetAttributes = {
					472F337127D2908800F77BE7 = {
						CreatedOnToolsVersion = 13.2.1;
					};
				};
			};
			buildConfigurationList = 472F336D27D2908800F77BE7 /* Build configuration list for PBXProject "FlorencioBottleRocket" */;
			compatibilityVersion = "Xcode 13.0";
			developmentRegion = en;
			hasScannedForEncodings = 0;
			knownRegions = (
				en,
				Base,
			);
			mainGroup = 472F336927D2908800F77BE7;
			productRefGroup = 472F337327D2908800F77BE7 /* Products */;
			projectDirPath = "";
			projectRoot = "";
			targets = (
				472F337127D2908800F77BE7 /* FlorencioBottleRocket */,
			);
		};
/* End PBXProject section */

/* Begin PBXResourcesBuildPhase section */
		472F337027D2908800F77BE7 /* Resources */ = {
			isa = PBXResourcesBuildPhase;
			buildActionMask = 2147483647;
			files = (
				472F338227D2909300F77BE7 /* LaunchScreen.storyboard in Resources */,
				472F337F27D2909300F77BE7 /* Assets.xcassets in Resources */,
				472F337D27D2908800F77BE7 /* Main.storyboard in Resources */,
			);
			runOnlyForDeploymentPostprocessing = 0;
		};
/* End PBXResourcesBuildPhase section */

/* Begin PBXSourcesBuildPhase section */
		472F336E27D2908800F77BE7 /* Sources */ = {
			isa = PBXSourcesBuildPhase;
			buildActionMask = 2147483647;
			files = (
				472F339F27D65E5B00F77BE7 /* RestaurantCell.swift in Sources */,
				02C69B2027D5A333003911B1 /* DetailViewController.swift in Sources */,
				02C69B1827D596E4003911B1 /* NetworkManager.swift in Sources */,
				472F337627D2908800F77BE7 /* AppDelegate.swift in Sources */,
				02C69B0F27D595D8003911B1 /* Location.swift in Sources */,
				02C69B0A27D5959A003911B1 /* Restaurant.swift in Sources */,
				02C69B1427D59662003911B1 /* CollectionViewController.swift in Sources */,
				472F338A27D2917200F77BE7 /* WebKitViewController.swift in Sources */,
				472F337827D2908800F77BE7 /* SceneDelegate.swift in Sources */,
				02C69B0D27D595C7003911B1 /* Contact.swift in Sources */,
				02C69B1A27D596F7003911B1 /* NetworkError.swift in Sources */,
			);
			runOnlyForDeploymentPostprocessing = 0;
		};
/* End PBXSourcesBuildPhase section */

/* Begin PBXVariantGroup section */
		472F337B27D2908800F77BE7 /* Main.storyboard */ = {
			isa = PBXVariantGroup;
			children = (
				472F337C27D2908800F77BE7 /* Base */,
			);
			name = Main.storyboard;
			sourceTree = "<group>";
		};
		472F338027D2909300F77BE7 /* LaunchScreen.storyboard */ = {
			isa = PBXVariantGroup;
			children = (
				472F338127D2909300F77BE7 /* Base */,
			);
			name = LaunchScreen.storyboard;
			sourceTree = "<group>";
		};
/* End PBXVariantGroup section */

/* Begin XCBuildConfiguration section */
		472F338427D2909300F77BE7 /* Debug */ = {
			isa = XCBuildConfiguration;
			buildSettings = {
				ALWAYS_SEARCH_USER_PATHS = NO;
				CLANG_ANALYZER_NONNULL = YES;
				CLANG_ANALYZER_NUMBER_OBJECT_CONVERSION = YES_AGGRESSIVE;
				CLANG_CXX_LANGUAGE_STANDARD = "gnu++17";
				CLANG_CXX_LIBRARY = "libc++";
				CLANG_ENABLE_MODULES = YES;
				CLANG_ENABLE_OBJC_ARC = YES;
				CLANG_ENABLE_OBJC_WEAK = YES;
				CLANG_WARN_BLOCK_CAPTURE_AUTORELEASING = YES;
				CLANG_WARN_BOOL_CONVERSION = YES;
				CLANG_WARN_COMMA = YES;
				CLANG_WARN_CONSTANT_CONVERSION = YES;
				CLANG_WARN_DEPRECATED_OBJC_IMPLEMENTATIONS = YES;
				CLANG_WARN_DIRECT_OBJC_ISA_USAGE = YES_ERROR;
				CLANG_WARN_DOCUMENTATION_COMMENTS = YES;
				CLANG_WARN_EMPTY_BODY = YES;
				CLANG_WARN_ENUM_CONVERSION = YES;
				CLANG_WARN_INFINITE_RECURSION = YES;
				CLANG_WARN_INT_CONVERSION = YES;
				CLANG_WARN_NON_LITERAL_NULL_CONVERSION = YES;
				CLANG_WARN_OBJC_IMPLICIT_RETAIN_SELF = YES;
				CLANG_WARN_OBJC_LITERAL_CONVERSION = YES;
				CLANG_WARN_OBJC_ROOT_CLASS = YES_ERROR;
				CLANG_WARN_QUOTED_INCLUDE_IN_FRAMEWORK_HEADER = YES;
				CLANG_WARN_RANGE_LOOP_ANALYSIS = YES;
				CLANG_WARN_STRICT_PROTOTYPES = YES;
				CLANG_WARN_SUSPICIOUS_MOVE = YES;
				CLANG_WARN_UNGUARDED_AVAILABILITY = YES_AGGRESSIVE;
				CLANG_WARN_UNREACHABLE_CODE = YES;
				CLANG_WARN__DUPLICATE_METHOD_MATCH = YES;
				COPY_PHASE_STRIP = NO;
				DEBUG_INFORMATION_FORMAT = dwarf;
				ENABLE_STRICT_OBJC_MSGSEND = YES;
				ENABLE_TESTABILITY = YES;
				GCC_C_LANGUAGE_STANDARD = gnu11;
				GCC_DYNAMIC_NO_PIC = NO;
				GCC_NO_COMMON_BLOCKS = YES;
				GCC_OPTIMIZATION_LEVEL = 0;
				GCC_PREPROCESSOR_DEFINITIONS = (
					"DEBUG=1",
					"$(inherited)",
				);
				GCC_WARN_64_TO_32_BIT_CONVERSION = YES;
				GCC_WARN_ABOUT_RETURN_TYPE = YES_ERROR;
				GCC_WARN_UNDECLARED_SELECTOR = YES;
				GCC_WARN_UNINITIALIZED_AUTOS = YES_AGGRESSIVE;
				GCC_WARN_UNUSED_FUNCTION = YES;
				GCC_WARN_UNUSED_VARIABLE = YES;
				IPHONEOS_DEPLOYMENT_TARGET = 15.2;
				MTL_ENABLE_DEBUG_INFO = INCLUDE_SOURCE;
				MTL_FAST_MATH = YES;
				ONLY_ACTIVE_ARCH = YES;
				SDKROOT = iphoneos;
				SWIFT_ACTIVE_COMPILATION_CONDITIONS = DEBUG;
				SWIFT_OPTIMIZATION_LEVEL = "-Onone";
			};
			name = Debug;
		};
		472F338527D2909300F77BE7 /* Release */ = {
			isa = XCBuildConfiguration;
			buildSettings = {
				ALWAYS_SEARCH_USER_PATHS = NO;
				CLANG_ANALYZER_NONNULL = YES;
				CLANG_ANALYZER_NUMBER_OBJECT_CONVERSION = YES_AGGRESSIVE;
				CLANG_CXX_LANGUAGE_STANDARD = "gnu++17";
				CLANG_CXX_LIBRARY = "libc++";
				CLANG_ENABLE_MODULES = YES;
				CLANG_ENABLE_OBJC_ARC = YES;
				CLANG_ENABLE_OBJC_WEAK = YES;
				CLANG_WARN_BLOCK_CAPTURE_AUTORELEASING = YES;
				CLANG_WARN_BOOL_CONVERSION = YES;
				CLANG_WARN_COMMA = YES;
				CLANG_WARN_CONSTANT_CONVERSION = YES;
				CLANG_WARN_DEPRECATED_OBJC_IMPLEMENTATIONS = YES;
				CLANG_WARN_DIRECT_OBJC_ISA_USAGE = YES_ERROR;
				CLANG_WARN_DOCUMENTATION_COMMENTS = YES;
				CLANG_WARN_EMPTY_BODY = YES;
				CLANG_WARN_ENUM_CONVERSION = YES;
				CLANG_WARN_INFINITE_RECURSION = YES;
				CLANG_WARN_INT_CONVERSION = YES;
				CLANG_WARN_NON_LITERAL_NULL_CONVERSION = YES;
				CLANG_WARN_OBJC_IMPLICIT_RETAIN_SELF = YES;
				CLANG_WARN_OBJC_LITERAL_CONVERSION = YES;
				CLANG_WARN_OBJC_ROOT_CLASS = YES_ERROR;
				CLANG_WARN_QUOTED_INCLUDE_IN_FRAMEWORK_HEADER = YES;
				CLANG_WARN_RANGE_LOOP_ANALYSIS = YES;
				CLANG_WARN_STRICT_PROTOTYPES = YES;
				CLANG_WARN_SUSPICIOUS_MOVE = YES;
				CLANG_WARN_UNGUARDED_AVAILABILITY = YES_AGGRESSIVE;
				CLANG_WARN_UNREACHABLE_CODE = YES;
				CLANG_WARN__DUPLICATE_METHOD_MATCH = YES;
				COPY_PHASE_STRIP = NO;
				DEBUG_INFORMATION_FORMAT = "dwarf-with-dsym";
				ENABLE_NS_ASSERTIONS = NO;
				ENABLE_STRICT_OBJC_MSGSEND = YES;
				GCC_C_LANGUAGE_STANDARD = gnu11;
				GCC_NO_COMMON_BLOCKS = YES;
				GCC_WARN_64_TO_32_BIT_CONVERSION = YES;
				GCC_WARN_ABOUT_RETURN_TYPE = YES_ERROR;
				GCC_WARN_UNDECLARED_SELECTOR = YES;
				GCC_WARN_UNINITIALIZED_AUTOS = YES_AGGRESSIVE;
				GCC_WARN_UNUSED_FUNCTION = YES;
				GCC_WARN_UNUSED_VARIABLE = YES;
				IPHONEOS_DEPLOYMENT_TARGET = 15.2;
				MTL_ENABLE_DEBUG_INFO = NO;
				MTL_FAST_MATH = YES;
				SDKROOT = iphoneos;
				SWIFT_COMPILATION_MODE = wholemodule;
				SWIFT_OPTIMIZATION_LEVEL = "-O";
				VALIDATE_PRODUCT = YES;
			};
			name = Release;
		};
		472F338727D2909300F77BE7 /* Debug */ = {
			isa = XCBuildConfiguration;
			buildSettings = {
				ASSETCATALOG_COMPILER_APPICON_NAME = AppIcon;
				ASSETCATALOG_COMPILER_GLOBAL_ACCENT_COLOR_NAME = AccentColor;
				CODE_SIGN_STYLE = Automatic;
				CURRENT_PROJECT_VERSION = 1;
				GENERATE_INFOPLIST_FILE = YES;
				INFOPLIST_FILE = FlorencioBottleRocket/Info.plist;
				INFOPLIST_KEY_UIApplicationSupportsIndirectInputEvents = YES;
				INFOPLIST_KEY_UILaunchStoryboardName = LaunchScreen;
				INFOPLIST_KEY_UIMainStoryboardFile = Main;
				INFOPLIST_KEY_UIStatusBarHidden = NO;
				INFOPLIST_KEY_UISupportedInterfaceOrientations_iPad = "UIInterfaceOrientationPortrait UIInterfaceOrientationPortraitUpsideDown UIInterfaceOrientationLandscapeLeft UIInterfaceOrientationLandscapeRight";
				INFOPLIST_KEY_UISupportedInterfaceOrientations_iPhone = "UIInterfaceOrientationPortrait UIInterfaceOrientationLandscapeLeft UIInterfaceOrientationLandscapeRight";
				LD_RUNPATH_SEARCH_PATHS = (
					"$(inherited)",
					"@executable_path/Frameworks",
				);
				MARKETING_VERSION = 1.0;
				PRODUCT_BUNDLE_IDENTIFIER = com.enhanceit.FlorencioBottleRocket;
				PRODUCT_NAME = "$(TARGET_NAME)";
				SWIFT_EMIT_LOC_STRINGS = YES;
				SWIFT_VERSION = 5.0;
				TARGETED_DEVICE_FAMILY = "1,2";
			};
			name = Debug;
		};
		472F338827D2909300F77BE7 /* Release */ = {
			isa = XCBuildConfiguration;
			buildSettings = {
				ASSETCATALOG_COMPILER_APPICON_NAME = AppIcon;
				ASSETCATALOG_COMPILER_GLOBAL_ACCENT_COLOR_NAME = AccentColor;
				CODE_SIGN_STYLE = Automatic;
				CURRENT_PROJECT_VERSION = 1;
				GENERATE_INFOPLIST_FILE = YES;
				INFOPLIST_FILE = FlorencioBottleRocket/Info.plist;
				INFOPLIST_KEY_UIApplicationSupportsIndirectInputEvents = YES;
				INFOPLIST_KEY_UILaunchStoryboardName = LaunchScreen;
				INFOPLIST_KEY_UIMainStoryboardFile = Main;
				INFOPLIST_KEY_UIStatusBarHidden = NO;
				INFOPLIST_KEY_UISupportedInterfaceOrientations_iPad = "UIInterfaceOrientationPortrait UIInterfaceOrientationPortraitUpsideDown UIInterfaceOrientationLandscapeLeft UIInterfaceOrientationLandscapeRight";
				INFOPLIST_KEY_UISupportedInterfaceOrientations_iPhone = "UIInterfaceOrientationPortrait UIInterfaceOrientationLandscapeLeft UIInterfaceOrientationLandscapeRight";
				LD_RUNPATH_SEARCH_PATHS = (
					"$(inherited)",
					"@executable_path/Frameworks",
				);
				MARKETING_VERSION = 1.0;
				PRODUCT_BUNDLE_IDENTIFIER = com.enhanceit.FlorencioBottleRocket;
				PRODUCT_NAME = "$(TARGET_NAME)";
				SWIFT_EMIT_LOC_STRINGS = YES;
				SWIFT_VERSION = 5.0;
				TARGETED_DEVICE_FAMILY = "1,2";
			};
			name = Release;
		};
/* End XCBuildConfiguration section */

/* Begin XCConfigurationList section */
		472F336D27D2908800F77BE7 /* Build configuration list for PBXProject "FlorencioBottleRocket" */ = {
			isa = XCConfigurationList;
			buildConfigurations = (
				472F338427D2909300F77BE7 /* Debug */,
				472F338527D2909300F77BE7 /* Release */,
			);
			defaultConfigurationIsVisible = 0;
			defaultConfigurationName = Release;
		};
		472F338627D2909300F77BE7 /* Build configuration list for PBXNativeTarget "FlorencioBottleRocket" */ = {
			isa = XCConfigurationList;
			buildConfigurations = (
				472F338727D2909300F77BE7 /* Debug */,
				472F338827D2909300F77BE7 /* Release */,
			);
			defaultConfigurationIsVisible = 0;
			defaultConfigurationName = Release;
		};
/* End XCConfigurationList section */
	};
	rootObject = 472F336A27D2908800F77BE7 /* Project object */;
}
